
Microsoft Visual Studio Solution File, Format Version 12.00
# Visual Studio 2017
Project("{FAE04EC0-301F-11D3-BF4B-00C04F79EFBC}") = "Go Advance", "Go Advance.csproj", "{B0B82367-74D9-B353-A0C4-48E936ABDA37}"
EndProject
Global
	GlobalSection(SolutionConfigurationPlatforms) = preSolution
		Debug|Any CPU = Debug|Any CPU
		Release|Any CPU = Release|Any CPU
	EndGlobalSection
	GlobalSection(ProjectConfigurationPlatforms) = postSolution
		{B0B82367-74D9-B353-A0C4-48E936ABDA37}.Debug|Any CPU.ActiveCfg = Debug|Any CPU
		{B0B82367-74D9-B353-A0C4-48E936ABDA37}.Debug|Any CPU.Build.0 = Debug|Any CPU
		{B0B82367-74D9-B353-A0C4-48E936ABDA37}.Release|Any CPU.ActiveCfg = Release|Any CPU
		{B0B82367-74D9-B353-A0C4-48E936ABDA37}.Release|Any CPU.Build.0 = Release|Any CPU
	EndGlobalSection
	GlobalSection(SolutionProperties) = preSolution
		HideSolutionNode = FALSE
	EndGlobalSection
EndGlobal
